
Microsoft Visual Studio Solution File, Format Version 12.00
# Visual Studio 15
VisualStudioVersion = 15.0.27130.2036
MinimumVisualStudioVersion = 10.0.40219.1
Project("{9A19103F-16F7-4668-BE54-9A1E7A4F7556}") = "admin-lte-react-grid-layout", "admin-lte-react-grid-layout\admin-lte-react-grid-layout.csproj", "{C1368150-A04C-4268-B015-471BB451387D}"
EndProject
Global
	GlobalSection(SolutionConfigurationPlatforms) = preSolution
		Debug|Any CPU = Debug|Any CPU
		Release|Any CPU = Release|Any CPU
	EndGlobalSection
	GlobalSection(ProjectConfigurationPlatforms) = postSolution
		{C1368150-A04C-4268-B015-471BB451387D}.Debug|Any CPU.ActiveCfg = Debug|Any CPU
		{C1368150-A04C-4268-B015-471BB451387D}.Debug|Any CPU.Build.0 = Debug|Any CPU
		{C1368150-A04C-4268-B015-471BB451387D}.Release|Any CPU.ActiveCfg = Release|Any CPU
		{C1368150-A04C-4268-B015-471BB451387D}.Release|Any CPU.Build.0 = Release|Any CPU
	EndGlobalSection
	GlobalSection(SolutionProperties) = preSolution
		HideSolutionNode = FALSE
	EndGlobalSection
	GlobalSection(ExtensibilityGlobals) = postSolution
		SolutionGuid = {3C1AEDD0-E4E6-4368-90E0-31A1BEBE31F1}
	EndGlobalSection
	GlobalSection(TeamFoundationVersionControl) = preSolution
		SccNumberOfProjects = 2
		SccEnterpriseProvider = {4CA58AB2-18FA-4F8D-95D4-32DDF27D184C}
		SccTeamFoundationServer = http://aswd-tfs:8080/tfs/aswd-net1
		SccLocalPath0 = .
		SccProjectUniqueName1 = admin-lte-react-grid-layout\\admin-lte-react-grid-layout.csproj
		SccProjectName1 = admin-lte-react-grid-layout
		SccLocalPath1 = admin-lte-react-grid-layout
	EndGlobalSection
EndGlobal
